
Microsoft Visual Studio Solution File, Format Version 12.00
# Visual Studio 15
VisualStudioVersion = 15.0.27428.2005
MinimumVisualStudioVersion = 10.0.40219.1
Project("{FAE04EC0-301F-11D3-BF4B-00C04F79EFBC}") = "PharmacyManager", "PharmacyManager\PharmacyManager.csproj", "{4BA38DA0-BBE7-4E6E-8678-E93ED4CB9ADC}"
EndProject
Global
	GlobalSection(SolutionConfigurationPlatforms) = preSolution
		Debug|Any CPU = Debug|Any CPU
		Release|Any CPU = Release|Any CPU
	EndGlobalSection
	GlobalSection(ProjectConfigurationPlatforms) = postSolution
		{4BA38DA0-BBE7-4E6E-8678-E93ED4CB9ADC}.Debug|Any CPU.ActiveCfg = Debug|Any CPU
		{4BA38DA0-BBE7-4E6E-8678-E93ED4CB9ADC}.Debug|Any CPU.Build.0 = Debug|Any CPU
		{4BA38DA0-BBE7-4E6E-8678-E93ED4CB9ADC}.Release|Any CPU.ActiveCfg = Release|Any CPU
		{4BA38DA0-BBE7-4E6E-8678-E93ED4CB9ADC}.Release|Any CPU.Build.0 = Release|Any CPU
	EndGlobalSection
	GlobalSection(SolutionProperties) = preSolution
		HideSolutionNode = FALSE
	EndGlobalSection
	GlobalSection(ExtensibilityGlobals) = postSolution
		SolutionGuid = {0F9DE3B5-E179-4F53-8BBD-51C4D4F09A8A}
	EndGlobalSection
EndGlobal
